// !$*UTF8*$!
{
	archiveVersion = 1;
	classes = {
	};
	objectVersion = 46;
	objects = {

/* Begin PBXBuildFile section */
		01194924901DC40A9BDC8C6C /* Pods_Mixr.framework in Frameworks */ = {isa = PBXBuildFile; fileRef = 8D0F127DE47CE2420B003860 /* Pods_Mixr.framework */; };
		0D67704A1DBC867D00547EDE /* AbsolutDrinkServiceTests.swift in Sources */ = {isa = PBXBuildFile; fileRef = 0D6770491DBC867D00547EDE /* AbsolutDrinkServiceTests.swift */; };
		0D67704C1DBD936600547EDE /* BartenderManagerTests.swift in Sources */ = {isa = PBXBuildFile; fileRef = 0D67704B1DBD936600547EDE /* BartenderManagerTests.swift */; };
		AE58BDE01D6FBFE60059E733 /* AppDelegate.swift in Sources */ = {isa = PBXBuildFile; fileRef = AE58BDDF1D6FBFE60059E733 /* AppDelegate.swift */; };
		AE58BDE21D6FBFE60059E733 /* WelcomePageViewController.swift in Sources */ = {isa = PBXBuildFile; fileRef = AE58BDE11D6FBFE60059E733 /* WelcomePageViewController.swift */; };
		AE58BDE41D6FBFE60059E733 /* SavedDrinksViewController.swift in Sources */ = {isa = PBXBuildFile; fileRef = AE58BDE31D6FBFE60059E733 /* SavedDrinksViewController.swift */; };
		AE58BDE71D6FBFE60059E733 /* Main.storyboard in Resources */ = {isa = PBXBuildFile; fileRef = AE58BDE51D6FBFE60059E733 /* Main.storyboard */; };
		AE58BDE91D6FBFE60059E733 /* Assets.xcassets in Resources */ = {isa = PBXBuildFile; fileRef = AE58BDE81D6FBFE60059E733 /* Assets.xcassets */; };
		AE58BDEC1D6FBFE60059E733 /* LaunchScreen.storyboard in Resources */ = {isa = PBXBuildFile; fileRef = AE58BDEA1D6FBFE60059E733 /* LaunchScreen.storyboard */; };
		AE58BDF71D6FBFE60059E733 /* MixrTests.swift in Sources */ = {isa = PBXBuildFile; fileRef = AE58BDF61D6FBFE60059E733 /* MixrTests.swift */; };
		AE58BE041D72142A0059E733 /* BartenderManager.swift in Sources */ = {isa = PBXBuildFile; fileRef = AE58BE031D72142A0059E733 /* BartenderManager.swift */; };
		AE58BE071D7214BD0059E733 /* DrinkModel.swift in Sources */ = {isa = PBXBuildFile; fileRef = AE58BE061D7214BD0059E733 /* DrinkModel.swift */; };
		AE58BE091D77978D0059E733 /* AbsolutDrinkService.swift in Sources */ = {isa = PBXBuildFile; fileRef = AE58BE081D77978D0059E733 /* AbsolutDrinkService.swift */; };
		DB393C94A23B816DF6A7F6E5 /* Pods_MixrTests.framework in Frameworks */ = {isa = PBXBuildFile; fileRef = A5A4237698738DFA8A14B045 /* Pods_MixrTests.framework */; };
/* End PBXBuildFile section */

/* Begin PBXContainerItemProxy section */
		AE58BDF31D6FBFE60059E733 /* PBXContainerItemProxy */ = {
			isa = PBXContainerItemProxy;
			containerPortal = AE58BDD41D6FBFE60059E733 /* Project object */;
			proxyType = 1;
			remoteGlobalIDString = AE58BDDB1D6FBFE60059E733;
			remoteInfo = Mixr;
		};
/* End PBXContainerItemProxy section */

/* Begin PBXFileReference section */
		0D6770491DBC867D00547EDE /* AbsolutDrinkServiceTests.swift */ = {isa = PBXFileReference; fileEncoding = 4; lastKnownFileType = sourcecode.swift; path = AbsolutDrinkServiceTests.swift; sourceTree = "<group>"; };
		0D67704B1DBD936600547EDE /* BartenderManagerTests.swift */ = {isa = PBXFileReference; fileEncoding = 4; lastKnownFileType = sourcecode.swift; path = BartenderManagerTests.swift; sourceTree = "<group>"; };
		1BBA60A9D36614827A0E4C46 /* Pods-MixrTests.release.xcconfig */ = {isa = PBXFileReference; includeInIndex = 1; lastKnownFileType = text.xcconfig; name = "Pods-MixrTests.release.xcconfig"; path = "Pods/Target Support Files/Pods-MixrTests/Pods-MixrTests.release.xcconfig"; sourceTree = "<group>"; };
		86A099CFCBECAA6A66EE53D9 /* Pods-Mixr.debug.xcconfig */ = {isa = PBXFileReference; includeInIndex = 1; lastKnownFileType = text.xcconfig; name = "Pods-Mixr.debug.xcconfig"; path = "Pods/Target Support Files/Pods-Mixr/Pods-Mixr.debug.xcconfig"; sourceTree = "<group>"; };
		8D0F127DE47CE2420B003860 /* Pods_Mixr.framework */ = {isa = PBXFileReference; explicitFileType = wrapper.framework; includeInIndex = 0; path = Pods_Mixr.framework; sourceTree = BUILT_PRODUCTS_DIR; };
		99496BE0D2DEFE555DEEFD2C /* Pods-MixrTests.debug.xcconfig */ = {isa = PBXFileReference; includeInIndex = 1; lastKnownFileType = text.xcconfig; name = "Pods-MixrTests.debug.xcconfig"; path = "Pods/Target Support Files/Pods-MixrTests/Pods-MixrTests.debug.xcconfig"; sourceTree = "<group>"; };
		A5A4237698738DFA8A14B045 /* Pods_MixrTests.framework */ = {isa = PBXFileReference; explicitFileType = wrapper.framework; includeInIndex = 0; path = Pods_MixrTests.framework; sourceTree = BUILT_PRODUCTS_DIR; };
		AE58BDDC1D6FBFE60059E733 /* Mixr.app */ = {isa = PBXFileReference; explicitFileType = wrapper.application; includeInIndex = 0; path = Mixr.app; sourceTree = BUILT_PRODUCTS_DIR; };
		AE58BDDF1D6FBFE60059E733 /* AppDelegate.swift */ = {isa = PBXFileReference; lastKnownFileType = sourcecode.swift; path = AppDelegate.swift; sourceTree = "<group>"; };
		AE58BDE11D6FBFE60059E733 /* WelcomePageViewController.swift */ = {isa = PBXFileReference; lastKnownFileType = sourcecode.swift; path = WelcomePageViewController.swift; sourceTree = "<group>"; };
		AE58BDE31D6FBFE60059E733 /* SavedDrinksViewController.swift */ = {isa = PBXFileReference; lastKnownFileType = sourcecode.swift; path = SavedDrinksViewController.swift; sourceTree = "<group>"; };
		AE58BDE61D6FBFE60059E733 /* Base */ = {isa = PBXFileReference; lastKnownFileType = file.storyboard; name = Base; path = Base.lproj/Main.storyboard; sourceTree = "<group>"; };
		AE58BDE81D6FBFE60059E733 /* Assets.xcassets */ = {isa = PBXFileReference; lastKnownFileType = folder.assetcatalog; path = Assets.xcassets; sourceTree = "<group>"; };
		AE58BDEB1D6FBFE60059E733 /* Base */ = {isa = PBXFileReference; lastKnownFileType = file.storyboard; name = Base; path = Base.lproj/LaunchScreen.storyboard; sourceTree = "<group>"; };
		AE58BDED1D6FBFE60059E733 /* Info.plist */ = {isa = PBXFileReference; lastKnownFileType = text.plist.xml; path = Info.plist; sourceTree = "<group>"; };
		AE58BDF21D6FBFE60059E733 /* MixrTests.xctest */ = {isa = PBXFileReference; explicitFileType = wrapper.cfbundle; includeInIndex = 0; path = MixrTests.xctest; sourceTree = BUILT_PRODUCTS_DIR; };
		AE58BDF61D6FBFE60059E733 /* MixrTests.swift */ = {isa = PBXFileReference; lastKnownFileType = sourcecode.swift; path = MixrTests.swift; sourceTree = "<group>"; };
		AE58BDF81D6FBFE60059E733 /* Info.plist */ = {isa = PBXFileReference; lastKnownFileType = text.plist.xml; path = Info.plist; sourceTree = "<group>"; };
		AE58BE031D72142A0059E733 /* BartenderManager.swift */ = {isa = PBXFileReference; fileEncoding = 4; lastKnownFileType = sourcecode.swift; path = BartenderManager.swift; sourceTree = "<group>"; };
		AE58BE061D7214BD0059E733 /* DrinkModel.swift */ = {isa = PBXFileReference; fileEncoding = 4; lastKnownFileType = sourcecode.swift; path = DrinkModel.swift; sourceTree = "<group>"; };
		AE58BE081D77978D0059E733 /* AbsolutDrinkService.swift */ = {isa = PBXFileReference; fileEncoding = 4; lastKnownFileType = sourcecode.swift; path = AbsolutDrinkService.swift; sourceTree = "<group>"; };
		B8FC0E86F91A26C8B14E4EF1 /* Pods-Mixr.release.xcconfig */ = {isa = PBXFileReference; includeInIndex = 1; lastKnownFileType = text.xcconfig; name = "Pods-Mixr.release.xcconfig"; path = "Pods/Target Support Files/Pods-Mixr/Pods-Mixr.release.xcconfig"; sourceTree = "<group>"; };
/* End PBXFileReference section */

/* Begin PBXFrameworksBuildPhase section */
		AE58BDD91D6FBFE60059E733 /* Frameworks */ = {
			isa = PBXFrameworksBuildPhase;
			buildActionMask = 2147483647;
			files = (
				01194924901DC40A9BDC8C6C /* Pods_Mixr.framework in Frameworks */,
			);
			runOnlyForDeploymentPostprocessing = 0;
		};
		AE58BDEF1D6FBFE60059E733 /* Frameworks */ = {
			isa = PBXFrameworksBuildPhase;
			buildActionMask = 2147483647;
			files = (
				DB393C94A23B816DF6A7F6E5 /* Pods_MixrTests.framework in Frameworks */,
			);
			runOnlyForDeploymentPostprocessing = 0;
		};
/* End PBXFrameworksBuildPhase section */

/* Begin PBXGroup section */
		0D6770481DBC7C2700547EDE /* Controllers */ = {
			isa = PBXGroup;
			children = (
				AE58BDE11D6FBFE60059E733 /* WelcomePageViewController.swift */,
				AE58BDE31D6FBFE60059E733 /* SavedDrinksViewController.swift */,
			);
			name = Controllers;
			sourceTree = "<group>";
		};
		AE58BDD31D6FBFE60059E733 = {
			isa = PBXGroup;
			children = (
				AE58BDDE1D6FBFE60059E733 /* Mixr */,
				AE58BDF51D6FBFE60059E733 /* MixrTests */,
				AE58BDDD1D6FBFE60059E733 /* Products */,
				D4C8814721021EDD38B938DD /* Pods */,
				EDDCC5F14BDE6660E8BEC8A2 /* Frameworks */,
			);
			sourceTree = "<group>";
		};
		AE58BDDD1D6FBFE60059E733 /* Products */ = {
			isa = PBXGroup;
			children = (
				AE58BDDC1D6FBFE60059E733 /* Mixr.app */,
				AE58BDF21D6FBFE60059E733 /* MixrTests.xctest */,
			);
			name = Products;
			sourceTree = "<group>";
		};
		AE58BDDE1D6FBFE60059E733 /* Mixr */ = {
			isa = PBXGroup;
			children = (
				0D6770481DBC7C2700547EDE /* Controllers */,
				AE58BE051D7214960059E733 /* Models */,
				AE58BE021D7213EE0059E733 /* Services */,
				AE58BE011D7213E50059E733 /* Managers */,
				AE58BDDF1D6FBFE60059E733 /* AppDelegate.swift */,
				AE58BDE51D6FBFE60059E733 /* Main.storyboard */,
				AE58BDE81D6FBFE60059E733 /* Assets.xcassets */,
				AE58BDEA1D6FBFE60059E733 /* LaunchScreen.storyboard */,
				AE58BDED1D6FBFE60059E733 /* Info.plist */,
			);
			path = Mixr;
			sourceTree = "<group>";
		};
		AE58BDF51D6FBFE60059E733 /* MixrTests */ = {
			isa = PBXGroup;
			children = (
				AE58BDF61D6FBFE60059E733 /* MixrTests.swift */,
				0D67704B1DBD936600547EDE /* BartenderManagerTests.swift */,
				AE58BDF81D6FBFE60059E733 /* Info.plist */,
				0D6770491DBC867D00547EDE /* AbsolutDrinkServiceTests.swift */,
			);
			path = MixrTests;
			sourceTree = "<group>";
		};
		AE58BE011D7213E50059E733 /* Managers */ = {
			isa = PBXGroup;
			children = (
				AE58BE031D72142A0059E733 /* BartenderManager.swift */,
			);
			path = Managers;
			sourceTree = "<group>";
		};
		AE58BE021D7213EE0059E733 /* Services */ = {
			isa = PBXGroup;
			children = (
				AE58BE081D77978D0059E733 /* AbsolutDrinkService.swift */,
			);
			path = Services;
			sourceTree = "<group>";
		};
		AE58BE051D7214960059E733 /* Models */ = {
			isa = PBXGroup;
			children = (
				AE58BE061D7214BD0059E733 /* DrinkModel.swift */,
			);
			path = Models;
			sourceTree = "<group>";
		};
		D4C8814721021EDD38B938DD /* Pods */ = {
			isa = PBXGroup;
			children = (
				86A099CFCBECAA6A66EE53D9 /* Pods-Mixr.debug.xcconfig */,
				B8FC0E86F91A26C8B14E4EF1 /* Pods-Mixr.release.xcconfig */,
				99496BE0D2DEFE555DEEFD2C /* Pods-MixrTests.debug.xcconfig */,
				1BBA60A9D36614827A0E4C46 /* Pods-MixrTests.release.xcconfig */,
			);
			name = Pods;
			sourceTree = "<group>";
		};
		EDDCC5F14BDE6660E8BEC8A2 /* Frameworks */ = {
			isa = PBXGroup;
			children = (
				8D0F127DE47CE2420B003860 /* Pods_Mixr.framework */,
				A5A4237698738DFA8A14B045 /* Pods_MixrTests.framework */,
			);
			name = Frameworks;
			sourceTree = "<group>";
		};
/* End PBXGroup section */

/* Begin PBXNativeTarget section */
		AE58BDDB1D6FBFE60059E733 /* Mixr */ = {
			isa = PBXNativeTarget;
			buildConfigurationList = AE58BDFB1D6FBFE60059E733 /* Build configuration list for PBXNativeTarget "Mixr" */;
			buildPhases = (
				39EA1E9B02639FEEA77D23DB /* [CP] Check Pods Manifest.lock */,
				AE58BDD81D6FBFE60059E733 /* Sources */,
				AE58BDD91D6FBFE60059E733 /* Frameworks */,
				AE58BDDA1D6FBFE60059E733 /* Resources */,
				F62DC58A0496667B28897DC7 /* [CP] Embed Pods Frameworks */,
				39455DFD74F4C24936B6AC9B /* [CP] Copy Pods Resources */,
			);
			buildRules = (
			);
			dependencies = (
			);
			name = Mixr;
			productName = Mixr;
			productReference = AE58BDDC1D6FBFE60059E733 /* Mixr.app */;
			productType = "com.apple.product-type.application";
		};
		AE58BDF11D6FBFE60059E733 /* MixrTests */ = {
			isa = PBXNativeTarget;
			buildConfigurationList = AE58BDFE1D6FBFE60059E733 /* Build configuration list for PBXNativeTarget "MixrTests" */;
			buildPhases = (
				CE45E86C13D16CBF0B917C5B /* [CP] Check Pods Manifest.lock */,
				AE58BDEE1D6FBFE60059E733 /* Sources */,
				AE58BDEF1D6FBFE60059E733 /* Frameworks */,
				AE58BDF01D6FBFE60059E733 /* Resources */,
				84337C9735F5B6EEA8562FFF /* [CP] Embed Pods Frameworks */,
				E0A6A1CDC2AFA365365B8B5F /* [CP] Copy Pods Resources */,
			);
			buildRules = (
			);
			dependencies = (
				AE58BDF41D6FBFE60059E733 /* PBXTargetDependency */,
			);
			name = MixrTests;
			productName = MixrTests;
			productReference = AE58BDF21D6FBFE60059E733 /* MixrTests.xctest */;
			productType = "com.apple.product-type.bundle.unit-test";
		};
/* End PBXNativeTarget section */

/* Begin PBXProject section */
		AE58BDD41D6FBFE60059E733 /* Project object */ = {
			isa = PBXProject;
			attributes = {
				LastSwiftUpdateCheck = 0730;
				LastUpgradeCheck = 0800;
				ORGANIZATIONNAME = "Caelin Inc.";
				TargetAttributes = {
					AE58BDDB1D6FBFE60059E733 = {
						CreatedOnToolsVersion = 7.3.1;
						LastSwiftMigration = 0800;
					};
					AE58BDF11D6FBFE60059E733 = {
						CreatedOnToolsVersion = 7.3.1;
						LastSwiftMigration = 0800;
						TestTargetID = AE58BDDB1D6FBFE60059E733;
					};
				};
			};
			buildConfigurationList = AE58BDD71D6FBFE60059E733 /* Build configuration list for PBXProject "Mixr" */;
			compatibilityVersion = "Xcode 3.2";
			developmentRegion = English;
			hasScannedForEncodings = 0;
			knownRegions = (
				en,
				Base,
			);
			mainGroup = AE58BDD31D6FBFE60059E733;
			productRefGroup = AE58BDDD1D6FBFE60059E733 /* Products */;
			projectDirPath = "";
			projectRoot = "";
			targets = (
				AE58BDDB1D6FBFE60059E733 /* Mixr */,
				AE58BDF11D6FBFE60059E733 /* MixrTests */,
			);
		};
/* End PBXProject section */

/* Begin PBXResourcesBuildPhase section */
		AE58BDDA1D6FBFE60059E733 /* Resources */ = {
			isa = PBXResourcesBuildPhase;
			buildActionMask = 2147483647;
			files = (
				AE58BDEC1D6FBFE60059E733 /* LaunchScreen.storyboard in Resources */,
				AE58BDE91D6FBFE60059E733 /* Assets.xcassets in Resources */,
				AE58BDE71D6FBFE60059E733 /* Main.storyboard in Resources */,
			);
			runOnlyForDeploymentPostprocessing = 0;
		};
		AE58BDF01D6FBFE60059E733 /* Resources */ = {
			isa = PBXResourcesBuildPhase;
			buildActionMask = 2147483647;
			files = (
			);
			runOnlyForDeploymentPostprocessing = 0;
		};
/* End PBXResourcesBuildPhase section */

/* Begin PBXShellScriptBuildPhase section */
		39455DFD74F4C24936B6AC9B /* [CP] Copy Pods Resources */ = {
			isa = PBXShellScriptBuildPhase;
			buildActionMask = 2147483647;
			files = (
			);
			inputPaths = (
			);
			name = "[CP] Copy Pods Resources";
			outputPaths = (
			);
			runOnlyForDeploymentPostprocessing = 0;
			shellPath = /bin/sh;
			shellScript = "\"${SRCROOT}/Pods/Target Support Files/Pods-Mixr/Pods-Mixr-resources.sh\"\n";
			showEnvVarsInLog = 0;
		};
		39EA1E9B02639FEEA77D23DB /* [CP] Check Pods Manifest.lock */ = {
			isa = PBXShellScriptBuildPhase;
			buildActionMask = 2147483647;
			files = (
			);
			inputPaths = (
			);
			name = "[CP] Check Pods Manifest.lock";
			outputPaths = (
			);
			runOnlyForDeploymentPostprocessing = 0;
			shellPath = /bin/sh;
			shellScript = "diff \"${PODS_PODFILE_DIR_PATH}/Podfile.lock\" \"${PODS_ROOT}/Manifest.lock\" > /dev/null\nif [ $? != 0 ] ; then\n    # print error to STDERR\n    echo \"error: The sandbox is not in sync with the Podfile.lock. Run 'pod install' or update your CocoaPods installation.\" >&2\n    exit 1\nfi\n";
			showEnvVarsInLog = 0;
		};
		84337C9735F5B6EEA8562FFF /* [CP] Embed Pods Frameworks */ = {
			isa = PBXShellScriptBuildPhase;
			buildActionMask = 2147483647;
			files = (
			);
			inputPaths = (
			);
			name = "[CP] Embed Pods Frameworks";
			outputPaths = (
			);
			runOnlyForDeploymentPostprocessing = 0;
			shellPath = /bin/sh;
			shellScript = "\"${SRCROOT}/Pods/Target Support Files/Pods-MixrTests/Pods-MixrTests-frameworks.sh\"\n";
			showEnvVarsInLog = 0;
		};
		CE45E86C13D16CBF0B917C5B /* [CP] Check Pods Manifest.lock */ = {
			isa = PBXShellScriptBuildPhase;
			buildActionMask = 2147483647;
			files = (
			);
			inputPaths = (
			);
			name = "[CP] Check Pods Manifest.lock";
			outputPaths = (
			);
			runOnlyForDeploymentPostprocessing = 0;
			shellPath = /bin/sh;
			shellScript = "diff \"${PODS_PODFILE_DIR_PATH}/Podfile.lock\" \"${PODS_ROOT}/Manifest.lock\" > /dev/null\nif [ $? != 0 ] ; then\n    # print error to STDERR\n    echo \"error: The sandbox is not in sync with the Podfile.lock. Run 'pod install' or update your CocoaPods installation.\" >&2\n    exit 1\nfi\n";
			showEnvVarsInLog = 0;
		};
		E0A6A1CDC2AFA365365B8B5F /* [CP] Copy Pods Resources */ = {
			isa = PBXShellScriptBuildPhase;
			buildActionMask = 2147483647;
			files = (
			);
			inputPaths = (
			);
			name = "[CP] Copy Pods Resources";
			outputPaths = (
			);
			runOnlyForDeploymentPostprocessing = 0;
			shellPath = /bin/sh;
			shellScript = "\"${SRCROOT}/Pods/Target Support Files/Pods-MixrTests/Pods-MixrTests-resources.sh\"\n";
			showEnvVarsInLog = 0;
		};
		F62DC58A0496667B28897DC7 /* [CP] Embed Pods Frameworks */ = {
			isa = PBXShellScriptBuildPhase;
			buildActionMask = 2147483647;
			files = (
			);
			inputPaths = (
			);
			name = "[CP] Embed Pods Frameworks";
			outputPaths = (
			);
			runOnlyForDeploymentPostprocessing = 0;
			shellPath = /bin/sh;
			shellScript = "\"${SRCROOT}/Pods/Target Support Files/Pods-Mixr/Pods-Mixr-frameworks.sh\"\n";
			showEnvVarsInLog = 0;
		};
/* End PBXShellScriptBuildPhase section */

/* Begin PBXSourcesBuildPhase section */
		AE58BDD81D6FBFE60059E733 /* Sources */ = {
			isa = PBXSourcesBuildPhase;
			buildActionMask = 2147483647;
			files = (
				AE58BDE41D6FBFE60059E733 /* SavedDrinksViewController.swift in Sources */,
				AE58BE091D77978D0059E733 /* AbsolutDrinkService.swift in Sources */,
				AE58BDE01D6FBFE60059E733 /* AppDelegate.swift in Sources */,
				AE58BDE21D6FBFE60059E733 /* WelcomePageViewController.swift in Sources */,
				AE58BE071D7214BD0059E733 /* DrinkModel.swift in Sources */,
				AE58BE041D72142A0059E733 /* BartenderManager.swift in Sources */,
			);
			runOnlyForDeploymentPostprocessing = 0;
		};
		AE58BDEE1D6FBFE60059E733 /* Sources */ = {
			isa = PBXSourcesBuildPhase;
			buildActionMask = 2147483647;
			files = (
				AE58BDF71D6FBFE60059E733 /* MixrTests.swift in Sources */,
				0D67704C1DBD936600547EDE /* BartenderManagerTests.swift in Sources */,
				0D67704A1DBC867D00547EDE /* AbsolutDrinkServiceTests.swift in Sources */,
			);
			runOnlyForDeploymentPostprocessing = 0;
		};
/* End PBXSourcesBuildPhase section */

/* Begin PBXTargetDependency section */
		AE58BDF41D6FBFE60059E733 /* PBXTargetDependency */ = {
			isa = PBXTargetDependency;
			target = AE58BDDB1D6FBFE60059E733 /* Mixr */;
			targetProxy = AE58BDF31D6FBFE60059E733 /* PBXContainerItemProxy */;
		};
/* End PBXTargetDependency section */

/* Begin PBXVariantGroup section */
		AE58BDE51D6FBFE60059E733 /* Main.storyboard */ = {
			isa = PBXVariantGroup;
			children = (
				AE58BDE61D6FBFE60059E733 /* Base */,
			);
			name = Main.storyboard;
			sourceTree = "<group>";
		};
		AE58BDEA1D6FBFE60059E733 /* LaunchScreen.storyboard */ = {
			isa = PBXVariantGroup;
			children = (
				AE58BDEB1D6FBFE60059E733 /* Base */,
			);
			name = LaunchScreen.storyboard;
			sourceTree = "<group>";
		};
/* End PBXVariantGroup section */

/* Begin XCBuildConfiguration section */
		AE58BDF91D6FBFE60059E733 /* Debug */ = {
			isa = XCBuildConfiguration;
			buildSettings = {
				ALWAYS_SEARCH_USER_PATHS = NO;
				CLANG_ANALYZER_NONNULL = YES;
				CLANG_CXX_LANGUAGE_STANDARD = "gnu++0x";
				CLANG_CXX_LIBRARY = "libc++";
				CLANG_ENABLE_MODULES = YES;
				CLANG_ENABLE_OBJC_ARC = YES;
				CLANG_WARN_BOOL_CONVERSION = YES;
				CLANG_WARN_CONSTANT_CONVERSION = YES;
				CLANG_WARN_DIRECT_OBJC_ISA_USAGE = YES_ERROR;
				CLANG_WARN_EMPTY_BODY = YES;
				CLANG_WARN_ENUM_CONVERSION = YES;
				CLANG_WARN_INFINITE_RECURSION = YES;
				CLANG_WARN_INT_CONVERSION = YES;
				CLANG_WARN_OBJC_ROOT_CLASS = YES_ERROR;
				CLANG_WARN_SUSPICIOUS_MOVE = YES;
				CLANG_WARN_UNREACHABLE_CODE = YES;
				CLANG_WARN__DUPLICATE_METHOD_MATCH = YES;
				"CODE_SIGN_IDENTITY[sdk=iphoneos*]" = "iPhone Developer";
				COPY_PHASE_STRIP = NO;
				DEBUG_INFORMATION_FORMAT = dwarf;
				ENABLE_STRICT_OBJC_MSGSEND = YES;
				ENABLE_TESTABILITY = YES;
				GCC_C_LANGUAGE_STANDARD = gnu99;
				GCC_DYNAMIC_NO_PIC = NO;
				GCC_NO_COMMON_BLOCKS = YES;
				GCC_OPTIMIZATION_LEVEL = 0;
				GCC_PREPROCESSOR_DEFINITIONS = (
					"DEBUG=1",
					"$(inherited)",
				);
				GCC_WARN_64_TO_32_BIT_CONVERSION = YES;
				GCC_WARN_ABOUT_RETURN_TYPE = YES_ERROR;
				GCC_WARN_UNDECLARED_SELECTOR = YES;
				GCC_WARN_UNINITIALIZED_AUTOS = YES_AGGRESSIVE;
				GCC_WARN_UNUSED_FUNCTION = YES;
				GCC_WARN_UNUSED_VARIABLE = YES;
				IPHONEOS_DEPLOYMENT_TARGET = 10.3;
				MTL_ENABLE_DEBUG_INFO = YES;
				ONLY_ACTIVE_ARCH = YES;
				SDKROOT = iphoneos;
				SWIFT_OPTIMIZATION_LEVEL = "-Onone";
				TARGETED_DEVICE_FAMILY = "1,2";
			};
			name = Debug;
		};
		AE58BDFA1D6FBFE60059E733 /* Release */ = {
			isa = XCBuildConfiguration;
			buildSettings = {
				ALWAYS_SEARCH_USER_PATHS = NO;
				CLANG_ANALYZER_NONNULL = YES;
				CLANG_CXX_LANGUAGE_STANDARD = "gnu++0x";
				CLANG_CXX_LIBRARY = "libc++";
				CLANG_ENABLE_MODULES = YES;
				CLANG_ENABLE_OBJC_ARC = YES;
				CLANG_WARN_BOOL_CONVERSION = YES;
				CLANG_WARN_CONSTANT_CONVERSION = YES;
				CLANG_WARN_DIRECT_OBJC_ISA_USAGE = YES_ERROR;
				CLANG_WARN_EMPTY_BODY = YES;
				CLANG_WARN_ENUM_CONVERSION = YES;
				CLANG_WARN_INFINITE_RECURSION = YES;
				CLANG_WARN_INT_CONVERSION = YES;
				CLANG_WARN_OBJC_ROOT_CLASS = YES_ERROR;
				CLANG_WARN_SUSPICIOUS_MOVE = YES;
				CLANG_WARN_UNREACHABLE_CODE = YES;
				CLANG_WARN__DUPLICATE_METHOD_MATCH = YES;
				"CODE_SIGN_IDENTITY[sdk=iphoneos*]" = "iPhone Developer";
				COPY_PHASE_STRIP = NO;
				DEBUG_INFORMATION_FORMAT = "dwarf-with-dsym";
				ENABLE_NS_ASSERTIONS = NO;
				ENABLE_STRICT_OBJC_MSGSEND = YES;
				GCC_C_LANGUAGE_STANDARD = gnu99;
				GCC_NO_COMMON_BLOCKS = YES;
				GCC_WARN_64_TO_32_BIT_CONVERSION = YES;
				GCC_WARN_ABOUT_RETURN_TYPE = YES_ERROR;
				GCC_WARN_UNDECLARED_SELECTOR = YES;
				GCC_WARN_UNINITIALIZED_AUTOS = YES_AGGRESSIVE;
				GCC_WARN_UNUSED_FUNCTION = YES;
				GCC_WARN_UNUSED_VARIABLE = YES;
				IPHONEOS_DEPLOYMENT_TARGET = 10.3;
				MTL_ENABLE_DEBUG_INFO = NO;
				SDKROOT = iphoneos;
				SWIFT_OPTIMIZATION_LEVEL = "-Owholemodule";
				TARGETED_DEVICE_FAMILY = "1,2";
				VALIDATE_PRODUCT = YES;
			};
			name = Release;
		};
		AE58BDFC1D6FBFE60059E733 /* Debug */ = {
			isa = XCBuildConfiguration;
			baseConfigurationReference = 86A099CFCBECAA6A66EE53D9 /* Pods-Mixr.debug.xcconfig */;
			buildSettings = {
				ASSETCATALOG_COMPILER_APPICON_NAME = AppIcon;
				INFOPLIST_FILE = Mixr/Info.plist;
				LD_RUNPATH_SEARCH_PATHS = "$(inherited) @executable_path/Frameworks";
				PRODUCT_BUNDLE_IDENTIFIER = caelinInc.Mixr;
				PRODUCT_NAME = "$(TARGET_NAME)";
				SWIFT_VERSION = 3.0;
			};
			name = Debug;
		};
		AE58BDFD1D6FBFE60059E733 /* Release */ = {
			isa = XCBuildConfiguration;
			baseConfigurationReference = B8FC0E86F91A26C8B14E4EF1 /* Pods-Mixr.release.xcconfig */;
			buildSettings = {
				ASSETCATALOG_COMPILER_APPICON_NAME = AppIcon;
				INFOPLIST_FILE = Mixr/Info.plist;
				LD_RUNPATH_SEARCH_PATHS = "$(inherited) @executable_path/Frameworks";
				PRODUCT_BUNDLE_IDENTIFIER = caelinInc.Mixr;
				PRODUCT_NAME = "$(TARGET_NAME)";
				SWIFT_VERSION = 3.0;
			};
			name = Release;
		};
		AE58BDFF1D6FBFE60059E733 /* Debug */ = {
			isa = XCBuildConfiguration;
			baseConfigurationReference = 99496BE0D2DEFE555DEEFD2C /* Pods-MixrTests.debug.xcconfig */;
			buildSettings = {
				BUNDLE_LOADER = "$(TEST_HOST)";
				INFOPLIST_FILE = MixrTests/Info.plist;
				LD_RUNPATH_SEARCH_PATHS = "$(inherited) @executable_path/Frameworks @loader_path/Frameworks";
				PRODUCT_BUNDLE_IDENTIFIER = caelinInc.MixrTests;
				PRODUCT_NAME = "$(TARGET_NAME)";
				SWIFT_VERSION = 3.0;
				TEST_HOST = "$(BUILT_PRODUCTS_DIR)/Mixr.app/Mixr";
			};
			name = Debug;
		};
		AE58BE001D6FBFE60059E733 /* Release */ = {
			isa = XCBuildConfiguration;
			baseConfigurationReference = 1BBA60A9D36614827A0E4C46 /* Pods-MixrTests.release.xcconfig */;
			buildSettings = {
				BUNDLE_LOADER = "$(TEST_HOST)";
				INFOPLIST_FILE = MixrTests/Info.plist;
				LD_RUNPATH_SEARCH_PATHS = "$(inherited) @executable_path/Frameworks @loader_path/Frameworks";
				PRODUCT_BUNDLE_IDENTIFIER = caelinInc.MixrTests;
				PRODUCT_NAME = "$(TARGET_NAME)";
				SWIFT_VERSION = 3.0;
				TEST_HOST = "$(BUILT_PRODUCTS_DIR)/Mixr.app/Mixr";
			};
			name = Release;
		};
/* End XCBuildConfiguration section */

/* Begin XCConfigurationList section */
		AE58BDD71D6FBFE60059E733 /* Build configuration list for PBXProject "Mixr" */ = {
			isa = XCConfigurationList;
			buildConfigurations = (
				AE58BDF91D6FBFE60059E733 /* Debug */,
				AE58BDFA1D6FBFE60059E733 /* Release */,
			);
			defaultConfigurationIsVisible = 0;
			defaultConfigurationName = Release;
		};
		AE58BDFB1D6FBFE60059E733 /* Build configuration list for PBXNativeTarget "Mixr" */ = {
			isa = XCConfigurationList;
			buildConfigurations = (
				AE58BDFC1D6FBFE60059E733 /* Debug */,
				AE58BDFD1D6FBFE60059E733 /* Release */,
			);
			defaultConfigurationIsVisible = 0;
			defaultConfigurationName = Release;
		};
		AE58BDFE1D6FBFE60059E733 /* Build configuration list for PBXNativeTarget "MixrTests" */ = {
			isa = XCConfigurationList;
			buildConfigurations = (
				AE58BDFF1D6FBFE60059E733 /* Debug */,
				AE58BE001D6FBFE60059E733 /* Release */,
			);
			defaultConfigurationIsVisible = 0;
			defaultConfigurationName = Release;
		};
/* End XCConfigurationList section */
	};
	rootObject = AE58BDD41D6FBFE60059E733 /* Project object */;
}
